
Microsoft Visual Studio Solution File, Format Version 12.00
# Visual Studio Version 17
VisualStudioVersion = 17.7.34031.279
MinimumVisualStudioVersion = 10.0.40219.1
Project("{9A19103F-16F7-4668-BE54-9A1E7A4F7556}") = "WizardPractice.GlyphGate.Service", "src\WizardPractice.GlyphGate\WizardPractice.GlyphGate.Service\WizardPractice.GlyphGate.Service.csproj", "{049FEE44-C4BD-4933-BAFC-DCBABA84C864}"
EndProject
Project("{9A19103F-16F7-4668-BE54-9A1E7A4F7556}") = "WizardPractice.ReagentReservoir.Service", "src\WizardPractice.ReagentReservoir\WizardPractice.ReagentReservoir.Service\WizardPractice.ReagentReservoir.Service.csproj", "{200B2CAA-73B6-411C-A1A9-C90F9FA2B969}"
EndProject
Project("{9A19103F-16F7-4668-BE54-9A1E7A4F7556}") = "WizardPractice.ArcanaAmalgamator.Service", "src\WizardPractice.ArcanaAmalgamator\WizardPractice.ArcanaAmalgamator.Service\WizardPractice.ArcanaAmalgamator.Service.csproj", "{68E1EE3D-D7B6-4F3A-A940-692DAAAF74C5}"
EndProject
Project("{9A19103F-16F7-4668-BE54-9A1E7A4F7556}") = "WizardPractice.GlyphGate.Client", "src\WizardPractice.GlyphGate\WizardPractice.GlyphGate.Client\WizardPractice.GlyphGate.Client.csproj", "{2CF37428-DA1F-47E9-9767-345119F2BD55}"
EndProject
Project("{9A19103F-16F7-4668-BE54-9A1E7A4F7556}") = "WizardPractice.GlyphGate.ServiceContracts", "src\WizardPractice.GlyphGate\WizardPractice.GlyphGate.ServiceContracts\WizardPractice.GlyphGate.ServiceContracts.csproj", "{9190A3D8-380D-488F-9CAD-6CC1FB2975AE}"
EndProject
Project("{9A19103F-16F7-4668-BE54-9A1E7A4F7556}") = "WizardPractice.ReagentReservoir.Client", "src\WizardPractice.ReagentReservoir\WizardPractice.ReagentReservoir.Client\WizardPractice.ReagentReservoir.Client.csproj", "{30AD9B73-4BB6-41D8-8DF2-F6F1A812C076}"
EndProject
Project("{9A19103F-16F7-4668-BE54-9A1E7A4F7556}") = "WizardPractice.ReagentReservoir.ServiceContracts", "src\WizardPractice.ReagentReservoir\WizardPractice.ReagentReservoir.ServiceContracts\WizardPractice.ReagentReservoir.ServiceContracts.csproj", "{93A43D9C-0D72-4C0E-8A35-67764F7CC62A}"
EndProject
Project("{9A19103F-16F7-4668-BE54-9A1E7A4F7556}") = "WizardPractice.ArcanaAmalgamator.Client", "src\WizardPractice.ArcanaAmalgamator\WizardPractice.ArcanaAmalgamator.Client\WizardPractice.ArcanaAmalgamator.Client.csproj", "{8CF06330-EFA9-4061-836E-7150D1213787}"
EndProject
Project("{9A19103F-16F7-4668-BE54-9A1E7A4F7556}") = "WizardPractice.ArcanaAmalgamator.ServiceContracts", "src\WizardPractice.ArcanaAmalgamator\WizardPractice.ArcanaAmalgamator.ServiceContracts\WizardPractice.ArcanaAmalgamator.ServiceContracts.csproj", "{90F21922-FE1B-4C1B-8544-227E5D0AF915}"
EndProject
Global
	GlobalSection(SolutionConfigurationPlatforms) = preSolution
		Debug|Any CPU = Debug|Any CPU
		Release|Any CPU = Release|Any CPU
	EndGlobalSection
	GlobalSection(ProjectConfigurationPlatforms) = postSolution
		{049FEE44-C4BD-4933-BAFC-DCBABA84C864}.Debug|Any CPU.ActiveCfg = Debug|Any CPU
		{049FEE44-C4BD-4933-BAFC-DCBABA84C864}.Debug|Any CPU.Build.0 = Debug|Any CPU
		{049FEE44-C4BD-4933-BAFC-DCBABA84C864}.Release|Any CPU.ActiveCfg = Release|Any CPU
		{049FEE44-C4BD-4933-BAFC-DCBABA84C864}.Release|Any CPU.Build.0 = Release|Any CPU
		{200B2CAA-73B6-411C-A1A9-C90F9FA2B969}.Debug|Any CPU.ActiveCfg = Debug|Any CPU
		{200B2CAA-73B6-411C-A1A9-C90F9FA2B969}.Debug|Any CPU.Build.0 = Debug|Any CPU
		{200B2CAA-73B6-411C-A1A9-C90F9FA2B969}.Release|Any CPU.ActiveCfg = Release|Any CPU
		{200B2CAA-73B6-411C-A1A9-C90F9FA2B969}.Release|Any CPU.Build.0 = Release|Any CPU
		{68E1EE3D-D7B6-4F3A-A940-692DAAAF74C5}.Debug|Any CPU.ActiveCfg = Debug|Any CPU
		{68E1EE3D-D7B6-4F3A-A940-692DAAAF74C5}.Debug|Any CPU.Build.0 = Debug|Any CPU
		{68E1EE3D-D7B6-4F3A-A940-692DAAAF74C5}.Release|Any CPU.ActiveCfg = Release|Any CPU
		{68E1EE3D-D7B6-4F3A-A940-692DAAAF74C5}.Release|Any CPU.Build.0 = Release|Any CPU
		{2CF37428-DA1F-47E9-9767-345119F2BD55}.Debug|Any CPU.ActiveCfg = Debug|Any CPU
		{2CF37428-DA1F-47E9-9767-345119F2BD55}.Debug|Any CPU.Build.0 = Debug|Any CPU
		{2CF37428-DA1F-47E9-9767-345119F2BD55}.Release|Any CPU.ActiveCfg = Release|Any CPU
		{2CF37428-DA1F-47E9-9767-345119F2BD55}.Release|Any CPU.Build.0 = Release|Any CPU
		{9190A3D8-380D-488F-9CAD-6CC1FB2975AE}.Debug|Any CPU.ActiveCfg = Debug|Any CPU
		{9190A3D8-380D-488F-9CAD-6CC1FB2975AE}.Debug|Any CPU.Build.0 = Debug|Any CPU
		{9190A3D8-380D-488F-9CAD-6CC1FB2975AE}.Release|Any CPU.ActiveCfg = Release|Any CPU
		{9190A3D8-380D-488F-9CAD-6CC1FB2975AE}.Release|Any CPU.Build.0 = Release|Any CPU
		{30AD9B73-4BB6-41D8-8DF2-F6F1A812C076}.Debug|Any CPU.ActiveCfg = Debug|Any CPU
		{30AD9B73-4BB6-41D8-8DF2-F6F1A812C076}.Debug|Any CPU.Build.0 = Debug|Any CPU
		{30AD9B73-4BB6-41D8-8DF2-F6F1A812C076}.Release|Any CPU.ActiveCfg = Release|Any CPU
		{30AD9B73-4BB6-41D8-8DF2-F6F1A812C076}.Release|Any CPU.Build.0 = Release|Any CPU
		{93A43D9C-0D72-4C0E-8A35-67764F7CC62A}.Debug|Any CPU.ActiveCfg = Debug|Any CPU
		{93A43D9C-0D72-4C0E-8A35-67764F7CC62A}.Debug|Any CPU.Build.0 = Debug|Any CPU
		{93A43D9C-0D72-4C0E-8A35-67764F7CC62A}.Release|Any CPU.ActiveCfg = Release|Any CPU
		{93A43D9C-0D72-4C0E-8A35-67764F7CC62A}.Release|Any CPU.Build.0 = Release|Any CPU
		{8CF06330-EFA9-4061-836E-7150D1213787}.Debug|Any CPU.ActiveCfg = Debug|Any CPU
		{8CF06330-EFA9-4061-836E-7150D1213787}.Debug|Any CPU.Build.0 = Debug|Any CPU
		{8CF06330-EFA9-4061-836E-7150D1213787}.Release|Any CPU.ActiveCfg = Release|Any CPU
		{8CF06330-EFA9-4061-836E-7150D1213787}.Release|Any CPU.Build.0 = Release|Any CPU
		{90F21922-FE1B-4C1B-8544-227E5D0AF915}.Debug|Any CPU.ActiveCfg = Debug|Any CPU
		{90F21922-FE1B-4C1B-8544-227E5D0AF915}.Debug|Any CPU.Build.0 = Debug|Any CPU
		{90F21922-FE1B-4C1B-8544-227E5D0AF915}.Release|Any CPU.ActiveCfg = Release|Any CPU
		{90F21922-FE1B-4C1B-8544-227E5D0AF915}.Release|Any CPU.Build.0 = Release|Any CPU
	EndGlobalSection
	GlobalSection(SolutionProperties) = preSolution
		HideSolutionNode = FALSE
	EndGlobalSection
	GlobalSection(ExtensibilityGlobals) = postSolution
		SolutionGuid = {96964E25-8724-4CEE-899A-A80F1D9DD1D8}
	EndGlobalSection
EndGlobal
